
Microsoft Visual Studio Solution File, Format Version 12.00
# Visual Studio Version 17
VisualStudioVersion = 17.0.31919.166
MinimumVisualStudioVersion = 10.0.40219.1
Project("{FAE04EC0-301F-11D3-BF4B-00C04F79EFBC}") = "Iris-Client", "src\client\Iris-Client.csproj", "{191F679F-BEFA-41AC-AF09-3A469E4421D0}"
	ProjectSection(ProjectDependencies) = postProject
		{B69CAC60-1D4D-464B-97F4-56FFAD8E05CC} = {B69CAC60-1D4D-464B-97F4-56FFAD8E05CC}
	EndProjectSection
EndProject
Project("{FAE04EC0-301F-11D3-BF4B-00C04F79EFBC}") = "Iris-common", "src\common\Iris-common.csproj", "{C921C6D8-0CF2-48BB-915E-5E6BF4D0898F}"
	ProjectSection(ProjectDependencies) = postProject
		{B69CAC60-1D4D-464B-97F4-56FFAD8E05CC} = {B69CAC60-1D4D-464B-97F4-56FFAD8E05CC}
	EndProjectSection
EndProject
Project("{FAE04EC0-301F-11D3-BF4B-00C04F79EFBC}") = "Iris-Server", "src\server\Iris-Server.csproj", "{4822476B-89A8-45CA-AD98-CC372125019A}"
	ProjectSection(ProjectDependencies) = postProject
		{B69CAC60-1D4D-464B-97F4-56FFAD8E05CC} = {B69CAC60-1D4D-464B-97F4-56FFAD8E05CC}
	EndProjectSection
EndProject
Project("{54435603-DBB4-11D2-8724-00A0C9A8B90C}") = "Iris Screen Exporter Setup", "Installer\Iris Setup\Iris Setup.vdproj", "{C3DF55B5-151D-40EA-99A0-2C3E05797346}"
EndProject
Project("{FAE04EC0-301F-11D3-BF4B-00C04F79EFBC}") = "Version", "src\Version\Version.csproj", "{B69CAC60-1D4D-464B-97F4-56FFAD8E05CC}"
EndProject
Project("{54435603-DBB4-11D2-8724-00A0C9A8B90C}") = "Iris Screen Exporter Setup 32bit", "Installer\Iris Setup 32bit\Iris Screen Exporter Setup 32bit.vdproj", "{27E38B0C-5B7A-4540-9811-5F987DBA8793}"
EndProject
Project("{2150E333-8FDC-42A3-9474-1A3956D46DE8}") = "Documentation", "Documentation", "{C97292D1-2DD8-4044-A866-1FC8B7A77D27}"
	ProjectSection(SolutionItems) = preProject
		Changelog.md = Changelog.md
		README.md = README.md
	EndProjectSection
EndProject
Global
	GlobalSection(SolutionConfigurationPlatforms) = preSolution
		Debug|x64 = Debug|x64
		Debug|x86 = Debug|x86
		JustInstallers|x64 = JustInstallers|x64
		JustInstallers|x86 = JustInstallers|x86
		NoInstallers|x64 = NoInstallers|x64
		NoInstallers|x86 = NoInstallers|x86
		Release|x64 = Release|x64
		Release|x86 = Release|x86
	EndGlobalSection
	GlobalSection(ProjectConfigurationPlatforms) = postSolution
		{191F679F-BEFA-41AC-AF09-3A469E4421D0}.Debug|x64.ActiveCfg = Debug|x64
		{191F679F-BEFA-41AC-AF09-3A469E4421D0}.Debug|x64.Build.0 = Debug|x64
		{191F679F-BEFA-41AC-AF09-3A469E4421D0}.Debug|x86.ActiveCfg = Debug|x86
		{191F679F-BEFA-41AC-AF09-3A469E4421D0}.Debug|x86.Build.0 = Debug|x86
		{191F679F-BEFA-41AC-AF09-3A469E4421D0}.JustInstallers|x64.ActiveCfg = JustInstallers|x64
		{191F679F-BEFA-41AC-AF09-3A469E4421D0}.JustInstallers|x86.ActiveCfg = JustInstallers|x86
		{191F679F-BEFA-41AC-AF09-3A469E4421D0}.NoInstallers|x64.ActiveCfg = NoInstallers|x64
		{191F679F-BEFA-41AC-AF09-3A469E4421D0}.NoInstallers|x64.Build.0 = NoInstallers|x64
		{191F679F-BEFA-41AC-AF09-3A469E4421D0}.NoInstallers|x86.ActiveCfg = NoInstallers|x86
		{191F679F-BEFA-41AC-AF09-3A469E4421D0}.NoInstallers|x86.Build.0 = NoInstallers|x86
		{191F679F-BEFA-41AC-AF09-3A469E4421D0}.Release|x64.ActiveCfg = Release|x64
		{191F679F-BEFA-41AC-AF09-3A469E4421D0}.Release|x64.Build.0 = Release|x64
		{191F679F-BEFA-41AC-AF09-3A469E4421D0}.Release|x86.ActiveCfg = Release|x86
		{191F679F-BEFA-41AC-AF09-3A469E4421D0}.Release|x86.Build.0 = Release|x86
		{C921C6D8-0CF2-48BB-915E-5E6BF4D0898F}.Debug|x64.ActiveCfg = Debug|x64
		{C921C6D8-0CF2-48BB-915E-5E6BF4D0898F}.Debug|x64.Build.0 = Debug|x64
		{C921C6D8-0CF2-48BB-915E-5E6BF4D0898F}.Debug|x86.ActiveCfg = Debug|x86
		{C921C6D8-0CF2-48BB-915E-5E6BF4D0898F}.Debug|x86.Build.0 = Debug|x86
		{C921C6D8-0CF2-48BB-915E-5E6BF4D0898F}.JustInstallers|x64.ActiveCfg = JustInstallers|x64
		{C921C6D8-0CF2-48BB-915E-5E6BF4D0898F}.JustInstallers|x86.ActiveCfg = JustInstallers|x86
		{C921C6D8-0CF2-48BB-915E-5E6BF4D0898F}.NoInstallers|x64.ActiveCfg = NoInstallers|x64
		{C921C6D8-0CF2-48BB-915E-5E6BF4D0898F}.NoInstallers|x64.Build.0 = NoInstallers|x64
		{C921C6D8-0CF2-48BB-915E-5E6BF4D0898F}.NoInstallers|x86.ActiveCfg = NoInstallers|x86
		{C921C6D8-0CF2-48BB-915E-5E6BF4D0898F}.NoInstallers|x86.Build.0 = NoInstallers|x86
		{C921C6D8-0CF2-48BB-915E-5E6BF4D0898F}.Release|x64.ActiveCfg = Release|x64
		{C921C6D8-0CF2-48BB-915E-5E6BF4D0898F}.Release|x64.Build.0 = Release|x64
		{C921C6D8-0CF2-48BB-915E-5E6BF4D0898F}.Release|x86.ActiveCfg = Release|x86
		{C921C6D8-0CF2-48BB-915E-5E6BF4D0898F}.Release|x86.Build.0 = Release|x86
		{4822476B-89A8-45CA-AD98-CC372125019A}.Debug|x64.ActiveCfg = Debug|x64
		{4822476B-89A8-45CA-AD98-CC372125019A}.Debug|x64.Build.0 = Debug|x64
		{4822476B-89A8-45CA-AD98-CC372125019A}.Debug|x86.ActiveCfg = Debug|x86
		{4822476B-89A8-45CA-AD98-CC372125019A}.Debug|x86.Build.0 = Debug|x86
		{4822476B-89A8-45CA-AD98-CC372125019A}.JustInstallers|x64.ActiveCfg = JustInstallers|x64
		{4822476B-89A8-45CA-AD98-CC372125019A}.JustInstallers|x86.ActiveCfg = JustInstallers|x86
		{4822476B-89A8-45CA-AD98-CC372125019A}.NoInstallers|x64.ActiveCfg = NoInstallers|x64
		{4822476B-89A8-45CA-AD98-CC372125019A}.NoInstallers|x64.Build.0 = NoInstallers|x64
		{4822476B-89A8-45CA-AD98-CC372125019A}.NoInstallers|x86.ActiveCfg = NoInstallers|x86
		{4822476B-89A8-45CA-AD98-CC372125019A}.NoInstallers|x86.Build.0 = NoInstallers|x86
		{4822476B-89A8-45CA-AD98-CC372125019A}.Release|x64.ActiveCfg = Release|x64
		{4822476B-89A8-45CA-AD98-CC372125019A}.Release|x64.Build.0 = Release|x64
		{4822476B-89A8-45CA-AD98-CC372125019A}.Release|x86.ActiveCfg = Release|x86
		{4822476B-89A8-45CA-AD98-CC372125019A}.Release|x86.Build.0 = Release|x86
		{C3DF55B5-151D-40EA-99A0-2C3E05797346}.Debug|x64.ActiveCfg = NoInstallers
		{C3DF55B5-151D-40EA-99A0-2C3E05797346}.Debug|x86.ActiveCfg = NoInstallers
		{C3DF55B5-151D-40EA-99A0-2C3E05797346}.JustInstallers|x64.ActiveCfg = JustInstallers
		{C3DF55B5-151D-40EA-99A0-2C3E05797346}.JustInstallers|x64.Build.0 = JustInstallers
		{C3DF55B5-151D-40EA-99A0-2C3E05797346}.JustInstallers|x86.ActiveCfg = JustInstallers
		{C3DF55B5-151D-40EA-99A0-2C3E05797346}.NoInstallers|x64.ActiveCfg = NoInstallers
		{C3DF55B5-151D-40EA-99A0-2C3E05797346}.NoInstallers|x86.ActiveCfg = NoInstallers
		{C3DF55B5-151D-40EA-99A0-2C3E05797346}.Release|x64.ActiveCfg = NoInstallers
		{C3DF55B5-151D-40EA-99A0-2C3E05797346}.Release|x86.ActiveCfg = NoInstallers
		{B69CAC60-1D4D-464B-97F4-56FFAD8E05CC}.Debug|x64.ActiveCfg = Debug|x64
		{B69CAC60-1D4D-464B-97F4-56FFAD8E05CC}.Debug|x64.Build.0 = Debug|x64
		{B69CAC60-1D4D-464B-97F4-56FFAD8E05CC}.Debug|x86.ActiveCfg = Debug|x86
		{B69CAC60-1D4D-464B-97F4-56FFAD8E05CC}.Debug|x86.Build.0 = Debug|x86
		{B69CAC60-1D4D-464B-97F4-56FFAD8E05CC}.JustInstallers|x64.ActiveCfg = JustInstallers|x64
		{B69CAC60-1D4D-464B-97F4-56FFAD8E05CC}.JustInstallers|x86.ActiveCfg = JustInstallers|x86
		{B69CAC60-1D4D-464B-97F4-56FFAD8E05CC}.NoInstallers|x64.ActiveCfg = NoInstallers|x64
		{B69CAC60-1D4D-464B-97F4-56FFAD8E05CC}.NoInstallers|x64.Build.0 = NoInstallers|x64
		{B69CAC60-1D4D-464B-97F4-56FFAD8E05CC}.NoInstallers|x86.ActiveCfg = NoInstallers|x86
		{B69CAC60-1D4D-464B-97F4-56FFAD8E05CC}.NoInstallers|x86.Build.0 = NoInstallers|x86
		{B69CAC60-1D4D-464B-97F4-56FFAD8E05CC}.Release|x64.ActiveCfg = Release|x64
		{B69CAC60-1D4D-464B-97F4-56FFAD8E05CC}.Release|x64.Build.0 = Release|x64
		{B69CAC60-1D4D-464B-97F4-56FFAD8E05CC}.Release|x86.ActiveCfg = Release|x86
		{B69CAC60-1D4D-464B-97F4-56FFAD8E05CC}.Release|x86.Build.0 = Release|x86
		{27E38B0C-5B7A-4540-9811-5F987DBA8793}.Debug|x64.ActiveCfg = NoInstallers
		{27E38B0C-5B7A-4540-9811-5F987DBA8793}.Debug|x86.ActiveCfg = NoInstallers
		{27E38B0C-5B7A-4540-9811-5F987DBA8793}.JustInstallers|x64.ActiveCfg = JustInstallers
		{27E38B0C-5B7A-4540-9811-5F987DBA8793}.JustInstallers|x86.ActiveCfg = JustInstallers
		{27E38B0C-5B7A-4540-9811-5F987DBA8793}.JustInstallers|x86.Build.0 = JustInstallers
		{27E38B0C-5B7A-4540-9811-5F987DBA8793}.NoInstallers|x64.ActiveCfg = NoInstallers
		{27E38B0C-5B7A-4540-9811-5F987DBA8793}.NoInstallers|x86.ActiveCfg = NoInstallers
		{27E38B0C-5B7A-4540-9811-5F987DBA8793}.Release|x64.ActiveCfg = NoInstallers
		{27E38B0C-5B7A-4540-9811-5F987DBA8793}.Release|x86.ActiveCfg = NoInstallers
	EndGlobalSection
	GlobalSection(SolutionProperties) = preSolution
		HideSolutionNode = FALSE
	EndGlobalSection
	GlobalSection(ExtensibilityGlobals) = postSolution
		SolutionGuid = {F207E71E-39CF-4F8C-8CB5-2518EEEE1737}
	EndGlobalSection
EndGlobal
